
Microsoft Visual Studio Solution File, Format Version 12.00
# Visual Studio Version 16
VisualStudioVersion = 16.0.31112.23
MinimumVisualStudioVersion = 10.0.40219.1
Project("{FAE04EC0-301F-11D3-BF4B-00C04F79EFBC}") = "Media Player", "Media Player.csproj", "{480C5EFE-47C5-4B81-8A63-EB92B3979A6F}"
EndProject
Global
	GlobalSection(SolutionConfigurationPlatforms) = preSolution
		Debug|Any CPU = Debug|Any CPU
		Release|Any CPU = Release|Any CPU
	EndGlobalSection
	GlobalSection(ProjectConfigurationPlatforms) = postSolution
		{480C5EFE-47C5-4B81-8A63-EB92B3979A6F}.Debug|Any CPU.ActiveCfg = Debug|Any CPU
		{480C5EFE-47C5-4B81-8A63-EB92B3979A6F}.Debug|Any CPU.Build.0 = Debug|Any CPU
		{480C5EFE-47C5-4B81-8A63-EB92B3979A6F}.Release|Any CPU.ActiveCfg = Release|Any CPU
		{480C5EFE-47C5-4B81-8A63-EB92B3979A6F}.Release|Any CPU.Build.0 = Release|Any CPU
	EndGlobalSection
	GlobalSection(SolutionProperties) = preSolution
		HideSolutionNode = FALSE
	EndGlobalSection
	GlobalSection(ExtensibilityGlobals) = postSolution
		SolutionGuid = {10023CDD-1024-453F-AF24-DBA9CE79AC9D}
	EndGlobalSection
EndGlobal
